
Microsoft Visual Studio Solution File, Format Version 12.00
# Visual Studio Version 17
VisualStudioVersion = 17.7.34031.279
MinimumVisualStudioVersion = 10.0.40219.1
Project("{9A19103F-16F7-4668-BE54-9A1E7A4F7556}") = "TaskAPI", "TaskAPI\TaskAPI.csproj", "{5B7EFD0E-A60C-4FE3-B4E4-835AA0776BA7}"
EndProject
Global
	GlobalSection(SolutionConfigurationPlatforms) = preSolution
		Debug|Any CPU = Debug|Any CPU
		Release|Any CPU = Release|Any CPU
	EndGlobalSection
	GlobalSection(ProjectConfigurationPlatforms) = postSolution
		{5B7EFD0E-A60C-4FE3-B4E4-835AA0776BA7}.Debug|Any CPU.ActiveCfg = Debug|Any CPU
		{5B7EFD0E-A60C-4FE3-B4E4-835AA0776BA7}.Debug|Any CPU.Build.0 = Debug|Any CPU
		{5B7EFD0E-A60C-4FE3-B4E4-835AA0776BA7}.Release|Any CPU.ActiveCfg = Release|Any CPU
		{5B7EFD0E-A60C-4FE3-B4E4-835AA0776BA7}.Release|Any CPU.Build.0 = Release|Any CPU
	EndGlobalSection
	GlobalSection(SolutionProperties) = preSolution
		HideSolutionNode = FALSE
	EndGlobalSection
	GlobalSection(ExtensibilityGlobals) = postSolution
		SolutionGuid = {B9FD6410-F5E3-4E73-8B93-92CB33C2CBAB}
	EndGlobalSection
EndGlobal
